
Microsoft Visual Studio Solution File, Format Version 12.00
# Visual Studio 14
VisualStudioVersion = 14.0.25420.1
MinimumVisualStudioVersion = 10.0.40219.1
Project("{FAE04EC0-301F-11D3-BF4B-00C04F79EFBC}") = "StupidPasswordGenerator", "StupidPasswordGenerator\StupidPasswordGenerator.csproj", "{69D99650-CA9D-46AC-9BE4-536F13A17936}"
EndProject
Project("{FAE04EC0-301F-11D3-BF4B-00C04F79EFBC}") = "SpecialNumber", "SpecialNumber\SpecialNumber.csproj", "{38E4BB9D-3AC1-4DB5-9AB2-9261777AB73E}"
EndProject
Global
	GlobalSection(SolutionConfigurationPlatforms) = preSolution
		Debug|Any CPU = Debug|Any CPU
		Release|Any CPU = Release|Any CPU
	EndGlobalSection
	GlobalSection(ProjectConfigurationPlatforms) = postSolution
		{69D99650-CA9D-46AC-9BE4-536F13A17936}.Debug|Any CPU.ActiveCfg = Debug|Any CPU
		{69D99650-CA9D-46AC-9BE4-536F13A17936}.Debug|Any CPU.Build.0 = Debug|Any CPU
		{69D99650-CA9D-46AC-9BE4-536F13A17936}.Release|Any CPU.ActiveCfg = Release|Any CPU
		{69D99650-CA9D-46AC-9BE4-536F13A17936}.Release|Any CPU.Build.0 = Release|Any CPU
		{38E4BB9D-3AC1-4DB5-9AB2-9261777AB73E}.Debug|Any CPU.ActiveCfg = Debug|Any CPU
		{38E4BB9D-3AC1-4DB5-9AB2-9261777AB73E}.Debug|Any CPU.Build.0 = Debug|Any CPU
		{38E4BB9D-3AC1-4DB5-9AB2-9261777AB73E}.Release|Any CPU.ActiveCfg = Release|Any CPU
		{38E4BB9D-3AC1-4DB5-9AB2-9261777AB73E}.Release|Any CPU.Build.0 = Release|Any CPU
	EndGlobalSection
	GlobalSection(SolutionProperties) = preSolution
		HideSolutionNode = FALSE
	EndGlobalSection
EndGlobal
