
Microsoft Visual Studio Solution File, Format Version 12.00
# Visual Studio 15
VisualStudioVersion = 15.0.26430.13
MinimumVisualStudioVersion = 10.0.40219.1
Project("{FAE04EC0-301F-11D3-BF4B-00C04F79EFBC}") = "01. Sino The Walker", "01. Sino The Walker\01. Sino The Walker.csproj", "{5F8B549C-8D88-46E6-A91F-46C97DF66980}"
EndProject
Project("{FAE04EC0-301F-11D3-BF4B-00C04F79EFBC}") = "02. SoftUni Karaoke", "02. SoftUni Karaoke\02. SoftUni Karaoke.csproj", "{4AC8DA9F-9ED1-462B-8F1D-0EA1DDFD1B20}"
EndProject
Project("{FAE04EC0-301F-11D3-BF4B-00C04F79EFBC}") = "03. Endurance Rally", "03. Endurance Rally\03. Endurance Rally.csproj", "{C387EB38-C3D6-4950-8009-0F9AF2C54EE6}"
EndProject
Project("{FAE04EC0-301F-11D3-BF4B-00C04F79EFBC}") = "04. Winning Ticket", "04. Winning Ticket\04. Winning Ticket.csproj", "{91B4D8C6-2187-4C0E-AB01-18F9578FFAA7}"
EndProject
Global
	GlobalSection(SolutionConfigurationPlatforms) = preSolution
		Debug|Any CPU = Debug|Any CPU
		Release|Any CPU = Release|Any CPU
	EndGlobalSection
	GlobalSection(ProjectConfigurationPlatforms) = postSolution
		{5F8B549C-8D88-46E6-A91F-46C97DF66980}.Debug|Any CPU.ActiveCfg = Debug|Any CPU
		{5F8B549C-8D88-46E6-A91F-46C97DF66980}.Debug|Any CPU.Build.0 = Debug|Any CPU
		{5F8B549C-8D88-46E6-A91F-46C97DF66980}.Release|Any CPU.ActiveCfg = Release|Any CPU
		{5F8B549C-8D88-46E6-A91F-46C97DF66980}.Release|Any CPU.Build.0 = Release|Any CPU
		{4AC8DA9F-9ED1-462B-8F1D-0EA1DDFD1B20}.Debug|Any CPU.ActiveCfg = Debug|Any CPU
		{4AC8DA9F-9ED1-462B-8F1D-0EA1DDFD1B20}.Debug|Any CPU.Build.0 = Debug|Any CPU
		{4AC8DA9F-9ED1-462B-8F1D-0EA1DDFD1B20}.Release|Any CPU.ActiveCfg = Release|Any CPU
		{4AC8DA9F-9ED1-462B-8F1D-0EA1DDFD1B20}.Release|Any CPU.Build.0 = Release|Any CPU
		{C387EB38-C3D6-4950-8009-0F9AF2C54EE6}.Debug|Any CPU.ActiveCfg = Debug|Any CPU
		{C387EB38-C3D6-4950-8009-0F9AF2C54EE6}.Debug|Any CPU.Build.0 = Debug|Any CPU
		{C387EB38-C3D6-4950-8009-0F9AF2C54EE6}.Release|Any CPU.ActiveCfg = Release|Any CPU
		{C387EB38-C3D6-4950-8009-0F9AF2C54EE6}.Release|Any CPU.Build.0 = Release|Any CPU
		{91B4D8C6-2187-4C0E-AB01-18F9578FFAA7}.Debug|Any CPU.ActiveCfg = Debug|Any CPU
		{91B4D8C6-2187-4C0E-AB01-18F9578FFAA7}.Debug|Any CPU.Build.0 = Debug|Any CPU
		{91B4D8C6-2187-4C0E-AB01-18F9578FFAA7}.Release|Any CPU.ActiveCfg = Release|Any CPU
		{91B4D8C6-2187-4C0E-AB01-18F9578FFAA7}.Release|Any CPU.Build.0 = Release|Any CPU
	EndGlobalSection
	GlobalSection(SolutionProperties) = preSolution
		HideSolutionNode = FALSE
	EndGlobalSection
EndGlobal
