
Microsoft Visual Studio Solution File, Format Version 12.00
# Visual Studio 15
VisualStudioVersion = 15.0.26430.13
MinimumVisualStudioVersion = 10.0.40219.1
Project("{FAE04EC0-301F-11D3-BF4B-00C04F79EFBC}") = "Regexmon", "Regexmon\Regexmon.csproj", "{C9E1F95D-6761-4DB9-8038-EE52C9D0716E}"
EndProject
Project("{FAE04EC0-301F-11D3-BF4B-00C04F79EFBC}") = "PokemonEvolution", "PokemonEvolution\PokemonEvolution.csproj", "{B6FADE72-0B80-4118-B09D-7427B1338731}"
EndProject
Project("{FAE04EC0-301F-11D3-BF4B-00C04F79EFBC}") = "test", "test\test.csproj", "{B8594E19-8375-4E13-8A7C-46DEC904C0EA}"
EndProject
Global
	GlobalSection(SolutionConfigurationPlatforms) = preSolution
		Debug|Any CPU = Debug|Any CPU
		Release|Any CPU = Release|Any CPU
	EndGlobalSection
	GlobalSection(ProjectConfigurationPlatforms) = postSolution
		{C9E1F95D-6761-4DB9-8038-EE52C9D0716E}.Debug|Any CPU.ActiveCfg = Debug|Any CPU
		{C9E1F95D-6761-4DB9-8038-EE52C9D0716E}.Debug|Any CPU.Build.0 = Debug|Any CPU
		{C9E1F95D-6761-4DB9-8038-EE52C9D0716E}.Release|Any CPU.ActiveCfg = Release|Any CPU
		{C9E1F95D-6761-4DB9-8038-EE52C9D0716E}.Release|Any CPU.Build.0 = Release|Any CPU
		{B6FADE72-0B80-4118-B09D-7427B1338731}.Debug|Any CPU.ActiveCfg = Debug|Any CPU
		{B6FADE72-0B80-4118-B09D-7427B1338731}.Debug|Any CPU.Build.0 = Debug|Any CPU
		{B6FADE72-0B80-4118-B09D-7427B1338731}.Release|Any CPU.ActiveCfg = Release|Any CPU
		{B6FADE72-0B80-4118-B09D-7427B1338731}.Release|Any CPU.Build.0 = Release|Any CPU
		{B8594E19-8375-4E13-8A7C-46DEC904C0EA}.Debug|Any CPU.ActiveCfg = Debug|Any CPU
		{B8594E19-8375-4E13-8A7C-46DEC904C0EA}.Debug|Any CPU.Build.0 = Debug|Any CPU
		{B8594E19-8375-4E13-8A7C-46DEC904C0EA}.Release|Any CPU.ActiveCfg = Release|Any CPU
		{B8594E19-8375-4E13-8A7C-46DEC904C0EA}.Release|Any CPU.Build.0 = Release|Any CPU
	EndGlobalSection
	GlobalSection(SolutionProperties) = preSolution
		HideSolutionNode = FALSE
	EndGlobalSection
EndGlobal
