
Microsoft Visual Studio Solution File, Format Version 12.00
# Visual Studio 14
VisualStudioVersion = 14.0.25420.1
MinimumVisualStudioVersion = 10.0.40219.1
Project("{FAE04EC0-301F-11D3-BF4B-00C04F79EFBC}") = "Sleepy-Tom", "Sleepy-Tom\Sleepy-Tom.csproj", "{E49ED31E-0D62-43A1-AD45-359DFC09C0EF}"
EndProject
Project("{FAE04EC0-301F-11D3-BF4B-00C04F79EFBC}") = "Harvest", "Harvest\Harvest.csproj", "{7FCAF458-8D8D-48D8-BCD1-79E4823B3312}"
EndProject
Project("{FAE04EC0-301F-11D3-BF4B-00C04F79EFBC}") = "Firm", "Firm\Firm.csproj", "{56703EE1-B39E-4E70-82BF-5EA7058970A7}"
EndProject
Global
	GlobalSection(SolutionConfigurationPlatforms) = preSolution
		Debug|Any CPU = Debug|Any CPU
		Release|Any CPU = Release|Any CPU
	EndGlobalSection
	GlobalSection(ProjectConfigurationPlatforms) = postSolution
		{E49ED31E-0D62-43A1-AD45-359DFC09C0EF}.Debug|Any CPU.ActiveCfg = Debug|Any CPU
		{E49ED31E-0D62-43A1-AD45-359DFC09C0EF}.Debug|Any CPU.Build.0 = Debug|Any CPU
		{E49ED31E-0D62-43A1-AD45-359DFC09C0EF}.Release|Any CPU.ActiveCfg = Release|Any CPU
		{E49ED31E-0D62-43A1-AD45-359DFC09C0EF}.Release|Any CPU.Build.0 = Release|Any CPU
		{7FCAF458-8D8D-48D8-BCD1-79E4823B3312}.Debug|Any CPU.ActiveCfg = Debug|Any CPU
		{7FCAF458-8D8D-48D8-BCD1-79E4823B3312}.Debug|Any CPU.Build.0 = Debug|Any CPU
		{7FCAF458-8D8D-48D8-BCD1-79E4823B3312}.Release|Any CPU.ActiveCfg = Release|Any CPU
		{7FCAF458-8D8D-48D8-BCD1-79E4823B3312}.Release|Any CPU.Build.0 = Release|Any CPU
		{56703EE1-B39E-4E70-82BF-5EA7058970A7}.Debug|Any CPU.ActiveCfg = Debug|Any CPU
		{56703EE1-B39E-4E70-82BF-5EA7058970A7}.Debug|Any CPU.Build.0 = Debug|Any CPU
		{56703EE1-B39E-4E70-82BF-5EA7058970A7}.Release|Any CPU.ActiveCfg = Release|Any CPU
		{56703EE1-B39E-4E70-82BF-5EA7058970A7}.Release|Any CPU.Build.0 = Release|Any CPU
	EndGlobalSection
	GlobalSection(SolutionProperties) = preSolution
		HideSolutionNode = FALSE
	EndGlobalSection
EndGlobal
