
Microsoft Visual Studio Solution File, Format Version 12.00
# Visual Studio 15
VisualStudioVersion = 15.0.27004.2006
MinimumVisualStudioVersion = 10.0.40219.1
Project("{9A19103F-16F7-4668-BE54-9A1E7A4F7556}") = "Employees.App", "Employees.App\Employees.App.csproj", "{824F092F-63FE-4D43-B4A6-B9E3F18A55DD}"
EndProject
Project("{FAE04EC0-301F-11D3-BF4B-00C04F79EFBC}") = "Employees.Models", "Employees.Models\Employees.Models.csproj", "{7EAEEB23-AC6D-40BB-B03E-6F7AAB33744C}"
EndProject
Project("{FAE04EC0-301F-11D3-BF4B-00C04F79EFBC}") = "Employees.Data", "Employees.Data\Employees.Data.csproj", "{15FD3605-5F37-4E4D-B68D-C0FCEFFD1732}"
EndProject
Project("{FAE04EC0-301F-11D3-BF4B-00C04F79EFBC}") = "Employees.Services", "Employees.Services\Employees.Services.csproj", "{D51A276C-F6D7-48A7-A482-1169617498EE}"
EndProject
Project("{FAE04EC0-301F-11D3-BF4B-00C04F79EFBC}") = "Employees.DtoModels", "Employees.DtoModels\Employees.DtoModels.csproj", "{5F87F8F0-954E-449A-AFCC-B5CDFBB27134}"
EndProject
Global
	GlobalSection(SolutionConfigurationPlatforms) = preSolution
		Debug|Any CPU = Debug|Any CPU
		Release|Any CPU = Release|Any CPU
	EndGlobalSection
	GlobalSection(ProjectConfigurationPlatforms) = postSolution
		{824F092F-63FE-4D43-B4A6-B9E3F18A55DD}.Debug|Any CPU.ActiveCfg = Debug|Any CPU
		{824F092F-63FE-4D43-B4A6-B9E3F18A55DD}.Debug|Any CPU.Build.0 = Debug|Any CPU
		{824F092F-63FE-4D43-B4A6-B9E3F18A55DD}.Release|Any CPU.ActiveCfg = Release|Any CPU
		{824F092F-63FE-4D43-B4A6-B9E3F18A55DD}.Release|Any CPU.Build.0 = Release|Any CPU
		{7EAEEB23-AC6D-40BB-B03E-6F7AAB33744C}.Debug|Any CPU.ActiveCfg = Debug|Any CPU
		{7EAEEB23-AC6D-40BB-B03E-6F7AAB33744C}.Debug|Any CPU.Build.0 = Debug|Any CPU
		{7EAEEB23-AC6D-40BB-B03E-6F7AAB33744C}.Release|Any CPU.ActiveCfg = Release|Any CPU
		{7EAEEB23-AC6D-40BB-B03E-6F7AAB33744C}.Release|Any CPU.Build.0 = Release|Any CPU
		{15FD3605-5F37-4E4D-B68D-C0FCEFFD1732}.Debug|Any CPU.ActiveCfg = Debug|Any CPU
		{15FD3605-5F37-4E4D-B68D-C0FCEFFD1732}.Debug|Any CPU.Build.0 = Debug|Any CPU
		{15FD3605-5F37-4E4D-B68D-C0FCEFFD1732}.Release|Any CPU.ActiveCfg = Release|Any CPU
		{15FD3605-5F37-4E4D-B68D-C0FCEFFD1732}.Release|Any CPU.Build.0 = Release|Any CPU
		{D51A276C-F6D7-48A7-A482-1169617498EE}.Debug|Any CPU.ActiveCfg = Debug|Any CPU
		{D51A276C-F6D7-48A7-A482-1169617498EE}.Debug|Any CPU.Build.0 = Debug|Any CPU
		{D51A276C-F6D7-48A7-A482-1169617498EE}.Release|Any CPU.ActiveCfg = Release|Any CPU
		{D51A276C-F6D7-48A7-A482-1169617498EE}.Release|Any CPU.Build.0 = Release|Any CPU
		{5F87F8F0-954E-449A-AFCC-B5CDFBB27134}.Debug|Any CPU.ActiveCfg = Debug|Any CPU
		{5F87F8F0-954E-449A-AFCC-B5CDFBB27134}.Debug|Any CPU.Build.0 = Debug|Any CPU
		{5F87F8F0-954E-449A-AFCC-B5CDFBB27134}.Release|Any CPU.ActiveCfg = Release|Any CPU
		{5F87F8F0-954E-449A-AFCC-B5CDFBB27134}.Release|Any CPU.Build.0 = Release|Any CPU
	EndGlobalSection
	GlobalSection(SolutionProperties) = preSolution
		HideSolutionNode = FALSE
	EndGlobalSection
	GlobalSection(ExtensibilityGlobals) = postSolution
		SolutionGuid = {1404EE18-445D-4AEE-8A47-D16DF27389D0}
	EndGlobalSection
EndGlobal
