
Microsoft Visual Studio Solution File, Format Version 12.00
# Visual Studio 15
VisualStudioVersion = 15.0.27004.2006
MinimumVisualStudioVersion = 10.0.40219.1
Project("{9A19103F-16F7-4668-BE54-9A1E7A4F7556}") = "P01and02InterfaceIPerson", "P01and02InterfaceIPerson\P01and02InterfaceIPerson.csproj", "{A92F1A06-3D13-4FFF-807E-89BAD586A59B}"
EndProject
Project("{9A19103F-16F7-4668-BE54-9A1E7A4F7556}") = "P03Ferrari", "P03Ferrari\P03Ferrari.csproj", "{14D278EF-BC74-40BE-A8FB-EBC324231FE4}"
EndProject
Project("{9A19103F-16F7-4668-BE54-9A1E7A4F7556}") = "P04Telephony", "P04Telephony\P04Telephony.csproj", "{ECE649D7-C11B-452C-864B-4CBC31F44DC0}"
EndProject
Project("{9A19103F-16F7-4668-BE54-9A1E7A4F7556}") = "P05BorderControl", "P05BorderControl\P05BorderControl.csproj", "{D6BACA46-B45B-4639-95E3-D7A7A2146DC1}"
EndProject
Project("{FAE04EC0-301F-11D3-BF4B-00C04F79EFBC}") = "P08MilitaryElite", "P08MilitaryElite\P08MilitaryElite.csproj", "{8EDCF711-FFF4-4EB4-B1DF-07D229789436}"
EndProject
Project("{FAE04EC0-301F-11D3-BF4B-00C04F79EFBC}") = "P09CollectionHierarchy", "P09CollectionHierarchy\P09CollectionHierarchy.csproj", "{61EAC45B-CE2E-4C0E-9B68-95574A81AA3C}"
EndProject
Project("{FAE04EC0-301F-11D3-BF4B-00C04F79EFBC}") = "P10ExplicitInterfaces", "P10ExplicitInterfaces\P10ExplicitInterfaces.csproj", "{30558699-5C5D-4051-A3A2-176F1AA332F6}"
EndProject
Global
	GlobalSection(SolutionConfigurationPlatforms) = preSolution
		Debug|Any CPU = Debug|Any CPU
		Release|Any CPU = Release|Any CPU
	EndGlobalSection
	GlobalSection(ProjectConfigurationPlatforms) = postSolution
		{A92F1A06-3D13-4FFF-807E-89BAD586A59B}.Debug|Any CPU.ActiveCfg = Debug|Any CPU
		{A92F1A06-3D13-4FFF-807E-89BAD586A59B}.Debug|Any CPU.Build.0 = Debug|Any CPU
		{A92F1A06-3D13-4FFF-807E-89BAD586A59B}.Release|Any CPU.ActiveCfg = Release|Any CPU
		{A92F1A06-3D13-4FFF-807E-89BAD586A59B}.Release|Any CPU.Build.0 = Release|Any CPU
		{14D278EF-BC74-40BE-A8FB-EBC324231FE4}.Debug|Any CPU.ActiveCfg = Debug|Any CPU
		{14D278EF-BC74-40BE-A8FB-EBC324231FE4}.Debug|Any CPU.Build.0 = Debug|Any CPU
		{14D278EF-BC74-40BE-A8FB-EBC324231FE4}.Release|Any CPU.ActiveCfg = Release|Any CPU
		{14D278EF-BC74-40BE-A8FB-EBC324231FE4}.Release|Any CPU.Build.0 = Release|Any CPU
		{ECE649D7-C11B-452C-864B-4CBC31F44DC0}.Debug|Any CPU.ActiveCfg = Debug|Any CPU
		{ECE649D7-C11B-452C-864B-4CBC31F44DC0}.Debug|Any CPU.Build.0 = Debug|Any CPU
		{ECE649D7-C11B-452C-864B-4CBC31F44DC0}.Release|Any CPU.ActiveCfg = Release|Any CPU
		{ECE649D7-C11B-452C-864B-4CBC31F44DC0}.Release|Any CPU.Build.0 = Release|Any CPU
		{D6BACA46-B45B-4639-95E3-D7A7A2146DC1}.Debug|Any CPU.ActiveCfg = Debug|Any CPU
		{D6BACA46-B45B-4639-95E3-D7A7A2146DC1}.Debug|Any CPU.Build.0 = Debug|Any CPU
		{D6BACA46-B45B-4639-95E3-D7A7A2146DC1}.Release|Any CPU.ActiveCfg = Release|Any CPU
		{D6BACA46-B45B-4639-95E3-D7A7A2146DC1}.Release|Any CPU.Build.0 = Release|Any CPU
		{8EDCF711-FFF4-4EB4-B1DF-07D229789436}.Debug|Any CPU.ActiveCfg = Debug|Any CPU
		{8EDCF711-FFF4-4EB4-B1DF-07D229789436}.Debug|Any CPU.Build.0 = Debug|Any CPU
		{8EDCF711-FFF4-4EB4-B1DF-07D229789436}.Release|Any CPU.ActiveCfg = Release|Any CPU
		{8EDCF711-FFF4-4EB4-B1DF-07D229789436}.Release|Any CPU.Build.0 = Release|Any CPU
		{61EAC45B-CE2E-4C0E-9B68-95574A81AA3C}.Debug|Any CPU.ActiveCfg = Debug|Any CPU
		{61EAC45B-CE2E-4C0E-9B68-95574A81AA3C}.Debug|Any CPU.Build.0 = Debug|Any CPU
		{61EAC45B-CE2E-4C0E-9B68-95574A81AA3C}.Release|Any CPU.ActiveCfg = Release|Any CPU
		{61EAC45B-CE2E-4C0E-9B68-95574A81AA3C}.Release|Any CPU.Build.0 = Release|Any CPU
		{30558699-5C5D-4051-A3A2-176F1AA332F6}.Debug|Any CPU.ActiveCfg = Debug|Any CPU
		{30558699-5C5D-4051-A3A2-176F1AA332F6}.Debug|Any CPU.Build.0 = Debug|Any CPU
		{30558699-5C5D-4051-A3A2-176F1AA332F6}.Release|Any CPU.ActiveCfg = Release|Any CPU
		{30558699-5C5D-4051-A3A2-176F1AA332F6}.Release|Any CPU.Build.0 = Release|Any CPU
	EndGlobalSection
	GlobalSection(SolutionProperties) = preSolution
		HideSolutionNode = FALSE
	EndGlobalSection
	GlobalSection(ExtensibilityGlobals) = postSolution
		SolutionGuid = {34E2B524-9C95-4083-8EE2-57753FBD2322}
	EndGlobalSection
EndGlobal
