
Microsoft Visual Studio Solution File, Format Version 12.00
# Visual Studio 15
VisualStudioVersion = 15.0.27004.2006
MinimumVisualStudioVersion = 10.0.40219.1
Project("{9A19103F-16F7-4668-BE54-9A1E7A4F7556}") = "P01_HospitalDatabase", "P01_HospitalDatabase\P01_HospitalDatabase.csproj", "{2A387015-EEE7-40B0-9B99-5055324981CD}"
EndProject
Project("{9A19103F-16F7-4668-BE54-9A1E7A4F7556}") = "P03_SalesDatabase", "P03_SalesDatabase\P03_SalesDatabase.csproj", "{A680A627-04F8-433A-805D-23D4CAE9355D}"
EndProject
Global
	GlobalSection(SolutionConfigurationPlatforms) = preSolution
		Debug|Any CPU = Debug|Any CPU
		Release|Any CPU = Release|Any CPU
	EndGlobalSection
	GlobalSection(ProjectConfigurationPlatforms) = postSolution
		{2A387015-EEE7-40B0-9B99-5055324981CD}.Debug|Any CPU.ActiveCfg = Debug|Any CPU
		{2A387015-EEE7-40B0-9B99-5055324981CD}.Debug|Any CPU.Build.0 = Debug|Any CPU
		{2A387015-EEE7-40B0-9B99-5055324981CD}.Release|Any CPU.ActiveCfg = Release|Any CPU
		{2A387015-EEE7-40B0-9B99-5055324981CD}.Release|Any CPU.Build.0 = Release|Any CPU
		{A680A627-04F8-433A-805D-23D4CAE9355D}.Debug|Any CPU.ActiveCfg = Debug|Any CPU
		{A680A627-04F8-433A-805D-23D4CAE9355D}.Debug|Any CPU.Build.0 = Debug|Any CPU
		{A680A627-04F8-433A-805D-23D4CAE9355D}.Release|Any CPU.ActiveCfg = Release|Any CPU
		{A680A627-04F8-433A-805D-23D4CAE9355D}.Release|Any CPU.Build.0 = Release|Any CPU
	EndGlobalSection
	GlobalSection(SolutionProperties) = preSolution
		HideSolutionNode = FALSE
	EndGlobalSection
	GlobalSection(ExtensibilityGlobals) = postSolution
		SolutionGuid = {39C4A831-84B6-40FC-B390-1E301D10A9E6}
	EndGlobalSection
EndGlobal
