
Microsoft Visual Studio Solution File, Format Version 12.00
# Visual Studio 15
VisualStudioVersion = 15.0.27004.2006
MinimumVisualStudioVersion = 10.0.40219.1
Project("{FAE04EC0-301F-11D3-BF4B-00C04F79EFBC}") = "P01GenericBoxOfString", "GenericBoxOfString\P01GenericBoxOfString.csproj", "{BB3DE29E-352A-41B3-8D49-5FB2FBB48832}"
EndProject
Project("{9A19103F-16F7-4668-BE54-9A1E7A4F7556}") = "P07CustomList", "P07CustomList\P07CustomList.csproj", "{8702D54C-B379-4BD2-B61D-716CB8D042C6}"
EndProject
Project("{FAE04EC0-301F-11D3-BF4B-00C04F79EFBC}") = "P10Tuple", "P1011Tuple\P10Tuple.csproj", "{5E4E6F4B-E336-4530-A2EB-1A6ED7D99E0C}"
EndProject
Project("{FAE04EC0-301F-11D3-BF4B-00C04F79EFBC}") = "P11Threeuple", "P11TriTuple\P11Threeuple.csproj", "{2084F289-1626-4680-AF38-703FA67CE4F8}"
EndProject
Global
	GlobalSection(SolutionConfigurationPlatforms) = preSolution
		Debug|Any CPU = Debug|Any CPU
		Release|Any CPU = Release|Any CPU
	EndGlobalSection
	GlobalSection(ProjectConfigurationPlatforms) = postSolution
		{BB3DE29E-352A-41B3-8D49-5FB2FBB48832}.Debug|Any CPU.ActiveCfg = Debug|Any CPU
		{BB3DE29E-352A-41B3-8D49-5FB2FBB48832}.Debug|Any CPU.Build.0 = Debug|Any CPU
		{BB3DE29E-352A-41B3-8D49-5FB2FBB48832}.Release|Any CPU.ActiveCfg = Release|Any CPU
		{BB3DE29E-352A-41B3-8D49-5FB2FBB48832}.Release|Any CPU.Build.0 = Release|Any CPU
		{8702D54C-B379-4BD2-B61D-716CB8D042C6}.Debug|Any CPU.ActiveCfg = Debug|Any CPU
		{8702D54C-B379-4BD2-B61D-716CB8D042C6}.Debug|Any CPU.Build.0 = Debug|Any CPU
		{8702D54C-B379-4BD2-B61D-716CB8D042C6}.Release|Any CPU.ActiveCfg = Release|Any CPU
		{8702D54C-B379-4BD2-B61D-716CB8D042C6}.Release|Any CPU.Build.0 = Release|Any CPU
		{5E4E6F4B-E336-4530-A2EB-1A6ED7D99E0C}.Debug|Any CPU.ActiveCfg = Debug|Any CPU
		{5E4E6F4B-E336-4530-A2EB-1A6ED7D99E0C}.Debug|Any CPU.Build.0 = Debug|Any CPU
		{5E4E6F4B-E336-4530-A2EB-1A6ED7D99E0C}.Release|Any CPU.ActiveCfg = Release|Any CPU
		{5E4E6F4B-E336-4530-A2EB-1A6ED7D99E0C}.Release|Any CPU.Build.0 = Release|Any CPU
		{2084F289-1626-4680-AF38-703FA67CE4F8}.Debug|Any CPU.ActiveCfg = Debug|Any CPU
		{2084F289-1626-4680-AF38-703FA67CE4F8}.Debug|Any CPU.Build.0 = Debug|Any CPU
		{2084F289-1626-4680-AF38-703FA67CE4F8}.Release|Any CPU.ActiveCfg = Release|Any CPU
		{2084F289-1626-4680-AF38-703FA67CE4F8}.Release|Any CPU.Build.0 = Release|Any CPU
	EndGlobalSection
	GlobalSection(SolutionProperties) = preSolution
		HideSolutionNode = FALSE
	EndGlobalSection
	GlobalSection(ExtensibilityGlobals) = postSolution
		SolutionGuid = {67E52E32-35DC-43D5-8193-360C309EB534}
	EndGlobalSection
EndGlobal
