
Microsoft Visual Studio Solution File, Format Version 12.00
# Visual Studio 15
VisualStudioVersion = 15.0.27004.2006
MinimumVisualStudioVersion = 10.0.40219.1
Project("{FAE04EC0-301F-11D3-BF4B-00C04F79EFBC}") = "P01Shapes", "P01Shapes\P01Shapes.csproj", "{5FC4D538-920D-40D3-9C6F-97557EF2D881}"
EndProject
Project("{FAE04EC0-301F-11D3-BF4B-00C04F79EFBC}") = "P02Cars", "P02Cars\P02Cars.csproj", "{1DAC4819-01AC-4F09-9E37-9FFFBDD089CB}"
EndProject
Global
	GlobalSection(SolutionConfigurationPlatforms) = preSolution
		Debug|Any CPU = Debug|Any CPU
		Release|Any CPU = Release|Any CPU
	EndGlobalSection
	GlobalSection(ProjectConfigurationPlatforms) = postSolution
		{5FC4D538-920D-40D3-9C6F-97557EF2D881}.Debug|Any CPU.ActiveCfg = Debug|Any CPU
		{5FC4D538-920D-40D3-9C6F-97557EF2D881}.Debug|Any CPU.Build.0 = Debug|Any CPU
		{5FC4D538-920D-40D3-9C6F-97557EF2D881}.Release|Any CPU.ActiveCfg = Release|Any CPU
		{5FC4D538-920D-40D3-9C6F-97557EF2D881}.Release|Any CPU.Build.0 = Release|Any CPU
		{1DAC4819-01AC-4F09-9E37-9FFFBDD089CB}.Debug|Any CPU.ActiveCfg = Debug|Any CPU
		{1DAC4819-01AC-4F09-9E37-9FFFBDD089CB}.Debug|Any CPU.Build.0 = Debug|Any CPU
		{1DAC4819-01AC-4F09-9E37-9FFFBDD089CB}.Release|Any CPU.ActiveCfg = Release|Any CPU
		{1DAC4819-01AC-4F09-9E37-9FFFBDD089CB}.Release|Any CPU.Build.0 = Release|Any CPU
	EndGlobalSection
	GlobalSection(SolutionProperties) = preSolution
		HideSolutionNode = FALSE
	EndGlobalSection
	GlobalSection(ExtensibilityGlobals) = postSolution
		SolutionGuid = {8C2B1940-E451-4FFE-9734-6C7ECEFD5537}
	EndGlobalSection
EndGlobal
