
Microsoft Visual Studio Solution File, Format Version 12.00
# Visual Studio 15
VisualStudioVersion = 15.0.27004.2006
MinimumVisualStudioVersion = 10.0.40219.1
Project("{FAE04EC0-301F-11D3-BF4B-00C04F79EFBC}") = "TeamBuilder.Models", "TeamBuilder.Models\TeamBuilder.Models.csproj", "{78464EBD-1E32-4703-AAD3-6CB9E59B62D1}"
EndProject
Project("{FAE04EC0-301F-11D3-BF4B-00C04F79EFBC}") = "TeamBuilder.Data", "TeamBuilder.Data\TeamBuilder.Data.csproj", "{B58D527A-7739-4819-93E6-055EB2E00004}"
EndProject
Project("{FAE04EC0-301F-11D3-BF4B-00C04F79EFBC}") = "TeamBuilder.App", "TeamBuilder.App\TeamBuilder.App.csproj", "{53FEB46F-4F31-4FCD-B811-C3733A9B2829}"
EndProject
Global
	GlobalSection(SolutionConfigurationPlatforms) = preSolution
		Debug|Any CPU = Debug|Any CPU
		Release|Any CPU = Release|Any CPU
	EndGlobalSection
	GlobalSection(ProjectConfigurationPlatforms) = postSolution
		{78464EBD-1E32-4703-AAD3-6CB9E59B62D1}.Debug|Any CPU.ActiveCfg = Debug|Any CPU
		{78464EBD-1E32-4703-AAD3-6CB9E59B62D1}.Debug|Any CPU.Build.0 = Debug|Any CPU
		{78464EBD-1E32-4703-AAD3-6CB9E59B62D1}.Release|Any CPU.ActiveCfg = Release|Any CPU
		{78464EBD-1E32-4703-AAD3-6CB9E59B62D1}.Release|Any CPU.Build.0 = Release|Any CPU
		{B58D527A-7739-4819-93E6-055EB2E00004}.Debug|Any CPU.ActiveCfg = Debug|Any CPU
		{B58D527A-7739-4819-93E6-055EB2E00004}.Debug|Any CPU.Build.0 = Debug|Any CPU
		{B58D527A-7739-4819-93E6-055EB2E00004}.Release|Any CPU.ActiveCfg = Release|Any CPU
		{B58D527A-7739-4819-93E6-055EB2E00004}.Release|Any CPU.Build.0 = Release|Any CPU
		{53FEB46F-4F31-4FCD-B811-C3733A9B2829}.Debug|Any CPU.ActiveCfg = Debug|Any CPU
		{53FEB46F-4F31-4FCD-B811-C3733A9B2829}.Debug|Any CPU.Build.0 = Debug|Any CPU
		{53FEB46F-4F31-4FCD-B811-C3733A9B2829}.Release|Any CPU.ActiveCfg = Release|Any CPU
		{53FEB46F-4F31-4FCD-B811-C3733A9B2829}.Release|Any CPU.Build.0 = Release|Any CPU
	EndGlobalSection
	GlobalSection(SolutionProperties) = preSolution
		HideSolutionNode = FALSE
	EndGlobalSection
	GlobalSection(ExtensibilityGlobals) = postSolution
		SolutionGuid = {6E95C4EE-2BBC-4F9F-B763-0B74E8DF4A7C}
	EndGlobalSection
EndGlobal
